{
  "name": "tfm_bpmn_to_trello",
  "version": "1.0.0",
  "lockfileVersion": 1,
  "requires": true,
  "dependencies": {
    "camaro": {
      "version": "4.1.2",
      "resolved": "https://registry.npmjs.org/camaro/-/camaro-4.1.2.tgz",
      "integrity": "sha512-pogQ/I2Ijr4Z+hNoCjgBzw9S/6PZkqDNK9UMAcietgUHVZ4Lw2bq8SkfHonqIYW+bDjk6VBNm+XkURrf6iaLAQ=="
    }
  }
}
